{
  "requires": true,
  "lockfileVersion": 1,
  "dependencies": {
    "@adaws/flip-card": {
      "version": "github:dawsonalex/polymer-flip-card#19a274e67f0553f1c75777e9b77e85ca54068477",
      "from": "github:dawsonalex/polymer-flip-card",
      "requires": {
        "@polymer/polymer": "^3.3.0",
        "lit-element": "^2.2.1"
      }
    },
    "@polymer/polymer": {
      "version": "3.3.1",
      "resolved": "https://registry.npmjs.org/@polymer/polymer/-/polymer-3.3.1.tgz",
      "integrity": "sha512-8KaB48tzyMjdsHdxo5KvCAaqmTe7rYDzQAoj/pyEfq9Fp4YfUaS+/xqwYj0GbiDAUNzwkmEQ7dw9cgnRNdKO8A==",
      "requires": {
        "@webcomponents/shadycss": "^1.9.1"
      }
    },
    "@webcomponents/shadycss": {
      "version": "1.9.6",
      "resolved": "https://registry.npmjs.org/@webcomponents/shadycss/-/shadycss-1.9.6.tgz",
      "integrity": "sha512-5fFjvP0jQJZoXK6YzYeYcIDGJ5oEsdjr1L9VaYLw5yxNd4aRz4srMpwCwldeNG0A6Hvr9igbG7fCsBeiiCXd7A=="
    },
    "flip-card": {
      "version": "0.0.2",
      "resolved": "https://registry.npmjs.org/flip-card/-/flip-card-0.0.2.tgz",
      "integrity": "sha512-w1ACJ05ZqwnkX02Yw2Q0KD03PZTtqwZ/RqSyaPmWH08TZ2uOu6dSl+U6JhljnFLjFC7vcFU75fOmwwcTubSdfw=="
    },
    "lit-element": {
      "version": "2.3.1",
      "resolved": "https://registry.npmjs.org/lit-element/-/lit-element-2.3.1.tgz",
      "integrity": "sha512-tOcUAmeO3BzwiQ7FGWdsshNvC0HVHcTFYw/TLIImmKwXYoV0E7zCBASa8IJ7DiP4cen/Yoj454gS0qqTnIGsFA==",
      "requires": {
        "lit-html": "^1.1.1"
      }
    },
    "lit-html": {
      "version": "1.2.1",
      "resolved": "https://registry.npmjs.org/lit-html/-/lit-html-1.2.1.tgz",
      "integrity": "sha512-GSJHHXMGLZDzTRq59IUfL9FCdAlGfqNp/dEa7k7aBaaWD+JKaCjsAk9KYm2V12ItonVaYx2dprN66Zdm1AuBTQ=="
    }
  }
}
